
Microsoft Visual Studio Solution File, Format Version 12.00
# Visual Studio 15
Project("{FAE04EC0-301F-11D3-BF4B-00C04F79EFBC}") = "dopetest_xamarin.Android", "dopetest_xamarin.Android\dopetest_xamarin.Android.csproj", "{27AD4672-D1B9-4CE6-B083-928F5C260D42}"
EndProject
Project("{FAE04EC0-301F-11D3-BF4B-00C04F79EFBC}") = "dopetest_xamarin.iOS", "dopetest_xamarin.iOS\dopetest_xamarin.iOS.csproj", "{E3F167F2-1850-4857-AD25-D7A06D38397E}"
EndProject
Project("{FAE04EC0-301F-11D3-BF4B-00C04F79EFBC}") = "dopetest_xamarin", "dopetest_xamarin\dopetest_xamarin.csproj", "{A3EA56F1-80E9-46B9-B88B-B77C40090139}"
EndProject
Global
	GlobalSection(SolutionConfigurationPlatforms) = preSolution
		Debug|Any CPU = Debug|Any CPU
		Release|Any CPU = Release|Any CPU
		Debug|iPhoneSimulator = Debug|iPhoneSimulator
		Release|iPhoneSimulator = Release|iPhoneSimulator
		Debug|iPhone = Debug|iPhone
		Release|iPhone = Release|iPhone
	EndGlobalSection
	GlobalSection(ProjectConfigurationPlatforms) = postSolution
		{27AD4672-D1B9-4CE6-B083-928F5C260D42}.Debug|Any CPU.ActiveCfg = Debug|Any CPU
		{27AD4672-D1B9-4CE6-B083-928F5C260D42}.Debug|Any CPU.Build.0 = Debug|Any CPU
		{27AD4672-D1B9-4CE6-B083-928F5C260D42}.Release|Any CPU.ActiveCfg = Release|Any CPU
		{27AD4672-D1B9-4CE6-B083-928F5C260D42}.Release|Any CPU.Build.0 = Release|Any CPU
		{27AD4672-D1B9-4CE6-B083-928F5C260D42}.Debug|iPhoneSimulator.ActiveCfg = Debug|Any CPU
		{27AD4672-D1B9-4CE6-B083-928F5C260D42}.Debug|iPhoneSimulator.Build.0 = Debug|Any CPU
		{27AD4672-D1B9-4CE6-B083-928F5C260D42}.Release|iPhoneSimulator.ActiveCfg = Release|Any CPU
		{27AD4672-D1B9-4CE6-B083-928F5C260D42}.Release|iPhoneSimulator.Build.0 = Release|Any CPU
		{27AD4672-D1B9-4CE6-B083-928F5C260D42}.Debug|iPhone.ActiveCfg = Debug|Any CPU
		{27AD4672-D1B9-4CE6-B083-928F5C260D42}.Debug|iPhone.Build.0 = Debug|Any CPU
		{27AD4672-D1B9-4CE6-B083-928F5C260D42}.Release|iPhone.ActiveCfg = Release|Any CPU
		{27AD4672-D1B9-4CE6-B083-928F5C260D42}.Release|iPhone.Build.0 = Release|Any CPU
		{E3F167F2-1850-4857-AD25-D7A06D38397E}.Debug|Any CPU.ActiveCfg = Debug|iPhoneSimulator
		{E3F167F2-1850-4857-AD25-D7A06D38397E}.Debug|Any CPU.Build.0 = Debug|iPhoneSimulator
		{E3F167F2-1850-4857-AD25-D7A06D38397E}.Release|Any CPU.ActiveCfg = Release|iPhoneSimulator
		{E3F167F2-1850-4857-AD25-D7A06D38397E}.Release|Any CPU.Build.0 = Release|iPhoneSimulator
		{E3F167F2-1850-4857-AD25-D7A06D38397E}.Debug|iPhoneSimulator.ActiveCfg = Debug|iPhoneSimulator
		{E3F167F2-1850-4857-AD25-D7A06D38397E}.Debug|iPhoneSimulator.Build.0 = Debug|iPhoneSimulator
		{E3F167F2-1850-4857-AD25-D7A06D38397E}.Release|iPhoneSimulator.ActiveCfg = Release|iPhoneSimulator
		{E3F167F2-1850-4857-AD25-D7A06D38397E}.Release|iPhoneSimulator.Build.0 = Release|iPhoneSimulator
		{E3F167F2-1850-4857-AD25-D7A06D38397E}.Debug|iPhone.ActiveCfg = Debug|iPhone
		{E3F167F2-1850-4857-AD25-D7A06D38397E}.Debug|iPhone.Build.0 = Debug|iPhone
		{E3F167F2-1850-4857-AD25-D7A06D38397E}.Release|iPhone.ActiveCfg = Release|iPhone
		{E3F167F2-1850-4857-AD25-D7A06D38397E}.Release|iPhone.Build.0 = Release|iPhone
		{A3EA56F1-80E9-46B9-B88B-B77C40090139}.Debug|Any CPU.ActiveCfg = Debug|Any CPU
		{A3EA56F1-80E9-46B9-B88B-B77C40090139}.Debug|Any CPU.Build.0 = Debug|Any CPU
		{A3EA56F1-80E9-46B9-B88B-B77C40090139}.Release|Any CPU.ActiveCfg = Release|Any CPU
		{A3EA56F1-80E9-46B9-B88B-B77C40090139}.Release|Any CPU.Build.0 = Release|Any CPU
		{A3EA56F1-80E9-46B9-B88B-B77C40090139}.Debug|iPhoneSimulator.ActiveCfg = Debug|Any CPU
		{A3EA56F1-80E9-46B9-B88B-B77C40090139}.Debug|iPhoneSimulator.Build.0 = Debug|Any CPU
		{A3EA56F1-80E9-46B9-B88B-B77C40090139}.Release|iPhoneSimulator.ActiveCfg = Release|Any CPU
		{A3EA56F1-80E9-46B9-B88B-B77C40090139}.Release|iPhoneSimulator.Build.0 = Release|Any CPU
		{A3EA56F1-80E9-46B9-B88B-B77C40090139}.Debug|iPhone.ActiveCfg = Debug|Any CPU
		{A3EA56F1-80E9-46B9-B88B-B77C40090139}.Debug|iPhone.Build.0 = Debug|Any CPU
		{A3EA56F1-80E9-46B9-B88B-B77C40090139}.Release|iPhone.ActiveCfg = Release|Any CPU
		{A3EA56F1-80E9-46B9-B88B-B77C40090139}.Release|iPhone.Build.0 = Release|Any CPU
	EndGlobalSection
EndGlobal
